
Microsoft Visual Studio Solution File, Format Version 12.00
# Visual Studio 15
VisualStudioVersion = 15.0.28307.168
MinimumVisualStudioVersion = 10.0.40219.1
Project("{FAE04EC0-301F-11D3-BF4B-00C04F79EFBC}") = "CoSoCo-Xamarin.Android", "CoSoCo-Xamarin\CoSoCo-Xamarin.Android\CoSoCo-Xamarin.Android.csproj", "{24CE3C36-16B9-426D-AA0C-5961ECF8D88C}"
EndProject
Project("{FAE04EC0-301F-11D3-BF4B-00C04F79EFBC}") = "CoSoCo-Xamarin.iOS", "CoSoCo-Xamarin\CoSoCo-Xamarin.iOS\CoSoCo-Xamarin.iOS.csproj", "{12961A7F-BEDF-485A-AFBA-AA38416FCB2A}"
EndProject
Project("{FAE04EC0-301F-11D3-BF4B-00C04F79EFBC}") = "CoSoCo-Xamarin.UWP", "CoSoCo-Xamarin\CoSoCo-Xamarin.UWP\CoSoCo-Xamarin.UWP.csproj", "{C699D9F7-C9B9-4B0E-9EDB-A297CDEF4DED}"
EndProject
Project("{FAE04EC0-301F-11D3-BF4B-00C04F79EFBC}") = "CoSoCo-Xamarin", "CoSoCo-Xamarin\CoSoCo-Xamarin\CoSoCo-Xamarin.csproj", "{BF409911-14F4-4A8D-BC5A-91582C1A14C6}"
EndProject
Global
	GlobalSection(SolutionConfigurationPlatforms) = preSolution
		Debug|Any CPU = Debug|Any CPU
		Debug|ARM = Debug|ARM
		Debug|iPhone = Debug|iPhone
		Debug|iPhoneSimulator = Debug|iPhoneSimulator
		Debug|x64 = Debug|x64
		Debug|x86 = Debug|x86
		Release|Any CPU = Release|Any CPU
		Release|ARM = Release|ARM
		Release|iPhone = Release|iPhone
		Release|iPhoneSimulator = Release|iPhoneSimulator
		Release|x64 = Release|x64
		Release|x86 = Release|x86
	EndGlobalSection
	GlobalSection(ProjectConfigurationPlatforms) = postSolution
		{24CE3C36-16B9-426D-AA0C-5961ECF8D88C}.Debug|Any CPU.ActiveCfg = Debug|Any CPU
		{24CE3C36-16B9-426D-AA0C-5961ECF8D88C}.Debug|Any CPU.Build.0 = Debug|Any CPU
		{24CE3C36-16B9-426D-AA0C-5961ECF8D88C}.Debug|Any CPU.Deploy.0 = Debug|Any CPU
		{24CE3C36-16B9-426D-AA0C-5961ECF8D88C}.Debug|ARM.ActiveCfg = Debug|Any CPU
		{24CE3C36-16B9-426D-AA0C-5961ECF8D88C}.Debug|ARM.Build.0 = Debug|Any CPU
		{24CE3C36-16B9-426D-AA0C-5961ECF8D88C}.Debug|ARM.Deploy.0 = Debug|Any CPU
		{24CE3C36-16B9-426D-AA0C-5961ECF8D88C}.Debug|iPhone.ActiveCfg = Debug|Any CPU
		{24CE3C36-16B9-426D-AA0C-5961ECF8D88C}.Debug|iPhone.Build.0 = Debug|Any CPU
		{24CE3C36-16B9-426D-AA0C-5961ECF8D88C}.Debug|iPhone.Deploy.0 = Debug|Any CPU
		{24CE3C36-16B9-426D-AA0C-5961ECF8D88C}.Debug|iPhoneSimulator.ActiveCfg = Debug|Any CPU
		{24CE3C36-16B9-426D-AA0C-5961ECF8D88C}.Debug|iPhoneSimulator.Build.0 = Debug|Any CPU
		{24CE3C36-16B9-426D-AA0C-5961ECF8D88C}.Debug|iPhoneSimulator.Deploy.0 = Debug|Any CPU
		{24CE3C36-16B9-426D-AA0C-5961ECF8D88C}.Debug|x64.ActiveCfg = Debug|Any CPU
		{24CE3C36-16B9-426D-AA0C-5961ECF8D88C}.Debug|x64.Build.0 = Debug|Any CPU
		{24CE3C36-16B9-426D-AA0C-5961ECF8D88C}.Debug|x64.Deploy.0 = Debug|Any CPU
		{24CE3C36-16B9-426D-AA0C-5961ECF8D88C}.Debug|x86.ActiveCfg = Debug|Any CPU
		{24CE3C36-16B9-426D-AA0C-5961ECF8D88C}.Debug|x86.Build.0 = Debug|Any CPU
		{24CE3C36-16B9-426D-AA0C-5961ECF8D88C}.Debug|x86.Deploy.0 = Debug|Any CPU
		{24CE3C36-16B9-426D-AA0C-5961ECF8D88C}.Release|Any CPU.ActiveCfg = Release|Any CPU
		{24CE3C36-16B9-426D-AA0C-5961ECF8D88C}.Release|Any CPU.Build.0 = Release|Any CPU
		{24CE3C36-16B9-426D-AA0C-5961ECF8D88C}.Release|Any CPU.Deploy.0 = Release|Any CPU
		{24CE3C36-16B9-426D-AA0C-5961ECF8D88C}.Release|ARM.ActiveCfg = Release|Any CPU
		{24CE3C36-16B9-426D-AA0C-5961ECF8D88C}.Release|ARM.Build.0 = Release|Any CPU
		{24CE3C36-16B9-426D-AA0C-5961ECF8D88C}.Release|ARM.Deploy.0 = Release|Any CPU
		{24CE3C36-16B9-426D-AA0C-5961ECF8D88C}.Release|iPhone.ActiveCfg = Release|Any CPU
		{24CE3C36-16B9-426D-AA0C-5961ECF8D88C}.Release|iPhone.Build.0 = Release|Any CPU
		{24CE3C36-16B9-426D-AA0C-5961ECF8D88C}.Release|iPhone.Deploy.0 = Release|Any CPU
		{24CE3C36-16B9-426D-AA0C-5961ECF8D88C}.Release|iPhoneSimulator.ActiveCfg = Release|Any CPU
		{24CE3C36-16B9-426D-AA0C-5961ECF8D88C}.Release|iPhoneSimulator.Build.0 = Release|Any CPU
		{24CE3C36-16B9-426D-AA0C-5961ECF8D88C}.Release|iPhoneSimulator.Deploy.0 = Release|Any CPU
		{24CE3C36-16B9-426D-AA0C-5961ECF8D88C}.Release|x64.ActiveCfg = Release|Any CPU
		{24CE3C36-16B9-426D-AA0C-5961ECF8D88C}.Release|x64.Build.0 = Release|Any CPU
		{24CE3C36-16B9-426D-AA0C-5961ECF8D88C}.Release|x64.Deploy.0 = Release|Any CPU
		{24CE3C36-16B9-426D-AA0C-5961ECF8D88C}.Release|x86.ActiveCfg = Release|Any CPU
		{24CE3C36-16B9-426D-AA0C-5961ECF8D88C}.Release|x86.Build.0 = Release|Any CPU
		{24CE3C36-16B9-426D-AA0C-5961ECF8D88C}.Release|x86.Deploy.0 = Release|Any CPU
		{12961A7F-BEDF-485A-AFBA-AA38416FCB2A}.Debug|Any CPU.ActiveCfg = Debug|iPhoneSimulator
		{12961A7F-BEDF-485A-AFBA-AA38416FCB2A}.Debug|Any CPU.Build.0 = Debug|iPhoneSimulator
		{12961A7F-BEDF-485A-AFBA-AA38416FCB2A}.Debug|Any CPU.Deploy.0 = Debug|iPhoneSimulator
		{12961A7F-BEDF-485A-AFBA-AA38416FCB2A}.Debug|ARM.ActiveCfg = Debug|iPhone
		{12961A7F-BEDF-485A-AFBA-AA38416FCB2A}.Debug|ARM.Build.0 = Debug|iPhone
		{12961A7F-BEDF-485A-AFBA-AA38416FCB2A}.Debug|ARM.Deploy.0 = Debug|iPhone
		{12961A7F-BEDF-485A-AFBA-AA38416FCB2A}.Debug|iPhone.ActiveCfg = Debug|iPhone
		{12961A7F-BEDF-485A-AFBA-AA38416FCB2A}.Debug|iPhone.Build.0 = Debug|iPhone
		{12961A7F-BEDF-485A-AFBA-AA38416FCB2A}.Debug|iPhone.Deploy.0 = Debug|iPhone
		{12961A7F-BEDF-485A-AFBA-AA38416FCB2A}.Debug|iPhoneSimulator.ActiveCfg = Debug|iPhoneSimulator
		{12961A7F-BEDF-485A-AFBA-AA38416FCB2A}.Debug|iPhoneSimulator.Build.0 = Debug|iPhoneSimulator
		{12961A7F-BEDF-485A-AFBA-AA38416FCB2A}.Debug|iPhoneSimulator.Deploy.0 = Debug|iPhoneSimulator
		{12961A7F-BEDF-485A-AFBA-AA38416FCB2A}.Debug|x64.ActiveCfg = Debug|iPhone
		{12961A7F-BEDF-485A-AFBA-AA38416FCB2A}.Debug|x64.Build.0 = Debug|iPhone
		{12961A7F-BEDF-485A-AFBA-AA38416FCB2A}.Debug|x64.Deploy.0 = Debug|iPhone
		{12961A7F-BEDF-485A-AFBA-AA38416FCB2A}.Debug|x86.ActiveCfg = Debug|iPhone
		{12961A7F-BEDF-485A-AFBA-AA38416FCB2A}.Debug|x86.Build.0 = Debug|iPhone
		{12961A7F-BEDF-485A-AFBA-AA38416FCB2A}.Debug|x86.Deploy.0 = Debug|iPhone
		{12961A7F-BEDF-485A-AFBA-AA38416FCB2A}.Release|Any CPU.ActiveCfg = Release|iPhone
		{12961A7F-BEDF-485A-AFBA-AA38416FCB2A}.Release|Any CPU.Build.0 = Release|iPhone
		{12961A7F-BEDF-485A-AFBA-AA38416FCB2A}.Release|Any CPU.Deploy.0 = Release|iPhone
		{12961A7F-BEDF-485A-AFBA-AA38416FCB2A}.Release|ARM.ActiveCfg = Release|iPhone
		{12961A7F-BEDF-485A-AFBA-AA38416FCB2A}.Release|ARM.Build.0 = Release|iPhone
		{12961A7F-BEDF-485A-AFBA-AA38416FCB2A}.Release|ARM.Deploy.0 = Release|iPhone
		{12961A7F-BEDF-485A-AFBA-AA38416FCB2A}.Release|iPhone.ActiveCfg = Release|iPhone
		{12961A7F-BEDF-485A-AFBA-AA38416FCB2A}.Release|iPhone.Build.0 = Release|iPhone
		{12961A7F-BEDF-485A-AFBA-AA38416FCB2A}.Release|iPhone.Deploy.0 = Release|iPhone
		{12961A7F-BEDF-485A-AFBA-AA38416FCB2A}.Release|iPhoneSimulator.ActiveCfg = Release|iPhoneSimulator
		{12961A7F-BEDF-485A-AFBA-AA38416FCB2A}.Release|iPhoneSimulator.Build.0 = Release|iPhoneSimulator
		{12961A7F-BEDF-485A-AFBA-AA38416FCB2A}.Release|iPhoneSimulator.Deploy.0 = Release|iPhoneSimulator
		{12961A7F-BEDF-485A-AFBA-AA38416FCB2A}.Release|x64.ActiveCfg = Release|iPhone
		{12961A7F-BEDF-485A-AFBA-AA38416FCB2A}.Release|x64.Build.0 = Release|iPhone
		{12961A7F-BEDF-485A-AFBA-AA38416FCB2A}.Release|x64.Deploy.0 = Release|iPhone
		{12961A7F-BEDF-485A-AFBA-AA38416FCB2A}.Release|x86.ActiveCfg = Release|iPhone
		{12961A7F-BEDF-485A-AFBA-AA38416FCB2A}.Release|x86.Build.0 = Release|iPhone
		{12961A7F-BEDF-485A-AFBA-AA38416FCB2A}.Release|x86.Deploy.0 = Release|iPhone
		{C699D9F7-C9B9-4B0E-9EDB-A297CDEF4DED}.Debug|Any CPU.ActiveCfg = Debug|x86
		{C699D9F7-C9B9-4B0E-9EDB-A297CDEF4DED}.Debug|Any CPU.Build.0 = Debug|x86
		{C699D9F7-C9B9-4B0E-9EDB-A297CDEF4DED}.Debug|Any CPU.Deploy.0 = Debug|x86
		{C699D9F7-C9B9-4B0E-9EDB-A297CDEF4DED}.Debug|ARM.ActiveCfg = Debug|ARM
		{C699D9F7-C9B9-4B0E-9EDB-A297CDEF4DED}.Debug|ARM.Build.0 = Debug|ARM
		{C699D9F7-C9B9-4B0E-9EDB-A297CDEF4DED}.Debug|ARM.Deploy.0 = Debug|ARM
		{C699D9F7-C9B9-4B0E-9EDB-A297CDEF4DED}.Debug|iPhone.ActiveCfg = Debug|x86
		{C699D9F7-C9B9-4B0E-9EDB-A297CDEF4DED}.Debug|iPhone.Build.0 = Debug|x86
		{C699D9F7-C9B9-4B0E-9EDB-A297CDEF4DED}.Debug|iPhone.Deploy.0 = Debug|x86
		{C699D9F7-C9B9-4B0E-9EDB-A297CDEF4DED}.Debug|iPhoneSimulator.ActiveCfg = Debug|x86
		{C699D9F7-C9B9-4B0E-9EDB-A297CDEF4DED}.Debug|iPhoneSimulator.Build.0 = Debug|x86
		{C699D9F7-C9B9-4B0E-9EDB-A297CDEF4DED}.Debug|iPhoneSimulator.Deploy.0 = Debug|x86
		{C699D9F7-C9B9-4B0E-9EDB-A297CDEF4DED}.Debug|x64.ActiveCfg = Debug|x64
		{C699D9F7-C9B9-4B0E-9EDB-A297CDEF4DED}.Debug|x64.Build.0 = Debug|x64
		{C699D9F7-C9B9-4B0E-9EDB-A297CDEF4DED}.Debug|x64.Deploy.0 = Debug|x64
		{C699D9F7-C9B9-4B0E-9EDB-A297CDEF4DED}.Debug|x86.ActiveCfg = Debug|x86
		{C699D9F7-C9B9-4B0E-9EDB-A297CDEF4DED}.Debug|x86.Build.0 = Debug|x86
		{C699D9F7-C9B9-4B0E-9EDB-A297CDEF4DED}.Debug|x86.Deploy.0 = Debug|x86
		{C699D9F7-C9B9-4B0E-9EDB-A297CDEF4DED}.Release|Any CPU.ActiveCfg = Release|x86
		{C699D9F7-C9B9-4B0E-9EDB-A297CDEF4DED}.Release|Any CPU.Build.0 = Release|x86
		{C699D9F7-C9B9-4B0E-9EDB-A297CDEF4DED}.Release|Any CPU.Deploy.0 = Release|x86
		{C699D9F7-C9B9-4B0E-9EDB-A297CDEF4DED}.Release|ARM.ActiveCfg = Release|ARM
		{C699D9F7-C9B9-4B0E-9EDB-A297CDEF4DED}.Release|ARM.Build.0 = Release|ARM
		{C699D9F7-C9B9-4B0E-9EDB-A297CDEF4DED}.Release|ARM.Deploy.0 = Release|ARM
		{C699D9F7-C9B9-4B0E-9EDB-A297CDEF4DED}.Release|iPhone.ActiveCfg = Release|x86
		{C699D9F7-C9B9-4B0E-9EDB-A297CDEF4DED}.Release|iPhone.Build.0 = Release|x86
		{C699D9F7-C9B9-4B0E-9EDB-A297CDEF4DED}.Release|iPhone.Deploy.0 = Release|x86
		{C699D9F7-C9B9-4B0E-9EDB-A297CDEF4DED}.Release|iPhoneSimulator.ActiveCfg = Release|x86
		{C699D9F7-C9B9-4B0E-9EDB-A297CDEF4DED}.Release|iPhoneSimulator.Build.0 = Release|x86
		{C699D9F7-C9B9-4B0E-9EDB-A297CDEF4DED}.Release|iPhoneSimulator.Deploy.0 = Release|x86
		{C699D9F7-C9B9-4B0E-9EDB-A297CDEF4DED}.Release|x64.ActiveCfg = Release|x64
		{C699D9F7-C9B9-4B0E-9EDB-A297CDEF4DED}.Release|x64.Build.0 = Release|x64
		{C699D9F7-C9B9-4B0E-9EDB-A297CDEF4DED}.Release|x64.Deploy.0 = Release|x64
		{C699D9F7-C9B9-4B0E-9EDB-A297CDEF4DED}.Release|x86.ActiveCfg = Release|x86
		{C699D9F7-C9B9-4B0E-9EDB-A297CDEF4DED}.Release|x86.Build.0 = Release|x86
		{C699D9F7-C9B9-4B0E-9EDB-A297CDEF4DED}.Release|x86.Deploy.0 = Release|x86
		{BF409911-14F4-4A8D-BC5A-91582C1A14C6}.Debug|Any CPU.ActiveCfg = Debug|Any CPU
		{BF409911-14F4-4A8D-BC5A-91582C1A14C6}.Debug|Any CPU.Build.0 = Debug|Any CPU
		{BF409911-14F4-4A8D-BC5A-91582C1A14C6}.Debug|Any CPU.Deploy.0 = Debug|Any CPU
		{BF409911-14F4-4A8D-BC5A-91582C1A14C6}.Debug|ARM.ActiveCfg = Debug|Any CPU
		{BF409911-14F4-4A8D-BC5A-91582C1A14C6}.Debug|ARM.Build.0 = Debug|Any CPU
		{BF409911-14F4-4A8D-BC5A-91582C1A14C6}.Debug|ARM.Deploy.0 = Debug|Any CPU
		{BF409911-14F4-4A8D-BC5A-91582C1A14C6}.Debug|iPhone.ActiveCfg = Debug|Any CPU
		{BF409911-14F4-4A8D-BC5A-91582C1A14C6}.Debug|iPhone.Build.0 = Debug|Any CPU
		{BF409911-14F4-4A8D-BC5A-91582C1A14C6}.Debug|iPhone.Deploy.0 = Debug|Any CPU
		{BF409911-14F4-4A8D-BC5A-91582C1A14C6}.Debug|iPhoneSimulator.ActiveCfg = Debug|Any CPU
		{BF409911-14F4-4A8D-BC5A-91582C1A14C6}.Debug|iPhoneSimulator.Build.0 = Debug|Any CPU
		{BF409911-14F4-4A8D-BC5A-91582C1A14C6}.Debug|iPhoneSimulator.Deploy.0 = Debug|Any CPU
		{BF409911-14F4-4A8D-BC5A-91582C1A14C6}.Debug|x64.ActiveCfg = Debug|Any CPU
		{BF409911-14F4-4A8D-BC5A-91582C1A14C6}.Debug|x64.Build.0 = Debug|Any CPU
		{BF409911-14F4-4A8D-BC5A-91582C1A14C6}.Debug|x64.Deploy.0 = Debug|Any CPU
		{BF409911-14F4-4A8D-BC5A-91582C1A14C6}.Debug|x86.ActiveCfg = Debug|Any CPU
		{BF409911-14F4-4A8D-BC5A-91582C1A14C6}.Debug|x86.Build.0 = Debug|Any CPU
		{BF409911-14F4-4A8D-BC5A-91582C1A14C6}.Debug|x86.Deploy.0 = Debug|Any CPU
		{BF409911-14F4-4A8D-BC5A-91582C1A14C6}.Release|Any CPU.ActiveCfg = Release|Any CPU
		{BF409911-14F4-4A8D-BC5A-91582C1A14C6}.Release|Any CPU.Build.0 = Release|Any CPU
		{BF409911-14F4-4A8D-BC5A-91582C1A14C6}.Release|Any CPU.Deploy.0 = Release|Any CPU
		{BF409911-14F4-4A8D-BC5A-91582C1A14C6}.Release|ARM.ActiveCfg = Release|Any CPU
		{BF409911-14F4-4A8D-BC5A-91582C1A14C6}.Release|ARM.Build.0 = Release|Any CPU
		{BF409911-14F4-4A8D-BC5A-91582C1A14C6}.Release|ARM.Deploy.0 = Release|Any CPU
		{BF409911-14F4-4A8D-BC5A-91582C1A14C6}.Release|iPhone.ActiveCfg = Release|Any CPU
		{BF409911-14F4-4A8D-BC5A-91582C1A14C6}.Release|iPhone.Build.0 = Release|Any CPU
		{BF409911-14F4-4A8D-BC5A-91582C1A14C6}.Release|iPhone.Deploy.0 = Release|Any CPU
		{BF409911-14F4-4A8D-BC5A-91582C1A14C6}.Release|iPhoneSimulator.ActiveCfg = Release|Any CPU
		{BF409911-14F4-4A8D-BC5A-91582C1A14C6}.Release|iPhoneSimulator.Build.0 = Release|Any CPU
		{BF409911-14F4-4A8D-BC5A-91582C1A14C6}.Release|iPhoneSimulator.Deploy.0 = Release|Any CPU
		{BF409911-14F4-4A8D-BC5A-91582C1A14C6}.Release|x64.ActiveCfg = Release|Any CPU
		{BF409911-14F4-4A8D-BC5A-91582C1A14C6}.Release|x64.Build.0 = Release|Any CPU
		{BF409911-14F4-4A8D-BC5A-91582C1A14C6}.Release|x64.Deploy.0 = Release|Any CPU
		{BF409911-14F4-4A8D-BC5A-91582C1A14C6}.Release|x86.ActiveCfg = Release|Any CPU
		{BF409911-14F4-4A8D-BC5A-91582C1A14C6}.Release|x86.Build.0 = Release|Any CPU
		{BF409911-14F4-4A8D-BC5A-91582C1A14C6}.Release|x86.Deploy.0 = Release|Any CPU
	EndGlobalSection
	GlobalSection(SolutionProperties) = preSolution
		HideSolutionNode = FALSE
	EndGlobalSection
	GlobalSection(ExtensibilityGlobals) = postSolution
		SolutionGuid = {8A850574-E1B0-4AFA-AE9F-3E644B3581E7}
	EndGlobalSection
EndGlobal
